
Microsoft Visual Studio Solution File, Format Version 12.00
# Visual Studio Version 16
VisualStudioVersion = 16.0.33927.289
MinimumVisualStudioVersion = 10.0.40219.1
Project("{2150E333-8FDC-42A3-9474-1A3956D46DE8}") = "Task0", "Task0", "{D1113E79-A124-4036-8AD7-E60EFCE23269}"
EndProject
Project("{FAE04EC0-301F-11D3-BF4B-00C04F79EFBC}") = "Tyuiu.KasenovAE.Sprint1.Task0.V5", "Tyuiu.KasenovAE.Sprint1.Task0.V5\Tyuiu.KasenovAE.Sprint1.Task0.V5.csproj", "{58016698-19A9-42A7-BD65-9641CF6F7721}"
EndProject
Project("{FAE04EC0-301F-11D3-BF4B-00C04F79EFBC}") = "Tyuiu.KasenovAE.Sprint1.Task0.V5.Lib", "Tyuiu.KasenovAE.Sprint1.Task0.V5.Lib\Tyuiu.KasenovAE.Sprint1.Task0.V5.Lib.csproj", "{1A1F144D-B9D3-499F-8CBC-AD54A61BBD61}"
EndProject
Project("{FAE04EC0-301F-11D3-BF4B-00C04F79EFBC}") = "Tyuiu.KasenovAE.Sprint1.Task0.V5.Test", "Tyuiu.KasenovAE.Sprint1.Task0.V5.Test\Tyuiu.KasenovAE.Sprint1.Task0.V5.Test.csproj", "{D1F8B376-3264-4A7D-9BCB-6FCF84B1DD2F}"
EndProject
Project("{2150E333-8FDC-42A3-9474-1A3956D46DE8}") = "Task1", "Task1", "{BC16DE27-F1C8-4A4E-B66A-E4A1313FF22B}"
EndProject
Project("{FAE04EC0-301F-11D3-BF4B-00C04F79EFBC}") = "Tyuiu.KasenovAE.Sprint1.Task1.V22", "Tyuiu.KasenovAE.Sprint1.Task1.V22\Tyuiu.KasenovAE.Sprint1.Task1.V22.csproj", "{AFEC584B-5AEA-4672-9DA6-AD346285E708}"
EndProject
Project("{FAE04EC0-301F-11D3-BF4B-00C04F79EFBC}") = "Tyuiu.KasenovAE.Sprint1.Task1.V22.Lib", "Tyuiu.KasenovAE.Sprint1.Task1.V22.Lib\Tyuiu.KasenovAE.Sprint1.Task1.V22.Lib.csproj", "{5D31A7EE-5AC0-4ADB-9F00-EC8663A076EF}"
EndProject
Project("{FAE04EC0-301F-11D3-BF4B-00C04F79EFBC}") = "Tyuiu.KasenovAE.Sprint1.Task1.V22.Test", "Tyuiu.KasenovAE.Sprint1.Task1.V22.Test\Tyuiu.KasenovAE.Sprint1.Task1.V22.Test.csproj", "{6338E3C0-082D-48D6-90B4-5F2A5072F9E2}"
EndProject
Project("{2150E333-8FDC-42A3-9474-1A3956D46DE8}") = "Task2", "Task2", "{8C0661FB-21D9-47D4-B3A2-0F0E8161AFAF}"
EndProject
Project("{FAE04EC0-301F-11D3-BF4B-00C04F79EFBC}") = "Tyuiu.KasenovAE.Sprint1.Task2.V28", "Tyuiu.KasenovAE.Sprint1.Task2.V28\Tyuiu.KasenovAE.Sprint1.Task2.V28.csproj", "{625BB9F6-E919-47A2-81B3-558D5509FEBB}"
EndProject
Project("{FAE04EC0-301F-11D3-BF4B-00C04F79EFBC}") = "Tyuiu.KasenovAE.Sprint1.Task2.V28.Lib", "Tyuiu.KasenovAE.Sprint1.Task2.V28.Lib\Tyuiu.KasenovAE.Sprint1.Task2.V28.Lib.csproj", "{85E02FE3-605F-4EA7-BE7E-3FAAE1763C6E}"
EndProject
Project("{FAE04EC0-301F-11D3-BF4B-00C04F79EFBC}") = "Tyuiu.KasenovAE.Sprint1.Task2.V28.Test", "Tyuiu.KasenovAE.Sprint1.Task2.V28.Test\Tyuiu.KasenovAE.Sprint1.Task2.V28.Test.csproj", "{1638EF5D-0A65-4D34-B667-0A0341978DC6}"
EndProject
Project("{2150E333-8FDC-42A3-9474-1A3956D46DE8}") = "Task3", "Task3", "{40792E03-6FFC-4418-BDDE-0B84A81819C0}"
EndProject
Project("{FAE04EC0-301F-11D3-BF4B-00C04F79EFBC}") = "Tyuiu.KasenovAE.Sprint1.Task3.V18", "Tyuiu.KasenovAE.Sprint1.Task3.V18\Tyuiu.KasenovAE.Sprint1.Task3.V18.csproj", "{C0CCCCD5-2CA7-4930-8CA7-46AC50F0C042}"
EndProject
Project("{FAE04EC0-301F-11D3-BF4B-00C04F79EFBC}") = "Tyuiu.KasenovAE.Sprint1.Task3.V18.Lib", "Tyuiu.KasenovAE.Sprint1.Task3.V18.Lib\Tyuiu.KasenovAE.Sprint1.Task3.V18.Lib.csproj", "{86710467-1296-4493-B8D4-76CDFD562707}"
EndProject
Project("{FAE04EC0-301F-11D3-BF4B-00C04F79EFBC}") = "Tyuiu.KasenovAE.Sprint1.Task3.V18.Test", "Tyuiu.KasenovAE.Sprint1.Task3.V18.Test\Tyuiu.KasenovAE.Sprint1.Task3.V18.Test.csproj", "{90BB76AF-F3F8-4985-87F9-E2987B932387}"
EndProject
Project("{2150E333-8FDC-42A3-9474-1A3956D46DE8}") = "Task4", "Task4", "{D9597502-FBE0-47DC-A1CC-6DA33819E635}"
EndProject
Project("{FAE04EC0-301F-11D3-BF4B-00C04F79EFBC}") = "Tyuiu.KasenovAE.Sprint1.Task4.V3", "Tyuiu.KasenovAE.Sprint1.Task4.V3\Tyuiu.KasenovAE.Sprint1.Task4.V3.csproj", "{34DCB368-C2E1-409F-A8B7-C2C035D4DF86}"
EndProject
Project("{FAE04EC0-301F-11D3-BF4B-00C04F79EFBC}") = "Tyuiu.KasenovAE.Sprint1.Task4.V3.Test", "Tyuiu.KasenovAE.Sprint1.Task4.V3.Test\Tyuiu.KasenovAE.Sprint1.Task4.V3.Test.csproj", "{E5C568AE-AF96-4A8C-8FB3-A327B0389E13}"
EndProject
Project("{FAE04EC0-301F-11D3-BF4B-00C04F79EFBC}") = "Tyuiu.KasenovAE.Sprint1.Task4.V3.Lib", "Tyuiu.KasenovAE.Sprint1.Task4.V3.Lib\Tyuiu.KasenovAE.Sprint1.Task4.V3.Lib.csproj", "{28016891-B27D-4C82-BE0D-57C871399FF7}"
EndProject
Global
	GlobalSection(SolutionConfigurationPlatforms) = preSolution
		Debug|Any CPU = Debug|Any CPU
		Release|Any CPU = Release|Any CPU
	EndGlobalSection
	GlobalSection(ProjectConfigurationPlatforms) = postSolution
		{58016698-19A9-42A7-BD65-9641CF6F7721}.Debug|Any CPU.ActiveCfg = Debug|Any CPU
		{58016698-19A9-42A7-BD65-9641CF6F7721}.Debug|Any CPU.Build.0 = Debug|Any CPU
		{58016698-19A9-42A7-BD65-9641CF6F7721}.Release|Any CPU.ActiveCfg = Release|Any CPU
		{58016698-19A9-42A7-BD65-9641CF6F7721}.Release|Any CPU.Build.0 = Release|Any CPU
		{1A1F144D-B9D3-499F-8CBC-AD54A61BBD61}.Debug|Any CPU.ActiveCfg = Debug|Any CPU
		{1A1F144D-B9D3-499F-8CBC-AD54A61BBD61}.Debug|Any CPU.Build.0 = Debug|Any CPU
		{1A1F144D-B9D3-499F-8CBC-AD54A61BBD61}.Release|Any CPU.ActiveCfg = Release|Any CPU
		{1A1F144D-B9D3-499F-8CBC-AD54A61BBD61}.Release|Any CPU.Build.0 = Release|Any CPU
		{D1F8B376-3264-4A7D-9BCB-6FCF84B1DD2F}.Debug|Any CPU.ActiveCfg = Debug|Any CPU
		{D1F8B376-3264-4A7D-9BCB-6FCF84B1DD2F}.Debug|Any CPU.Build.0 = Debug|Any CPU
		{D1F8B376-3264-4A7D-9BCB-6FCF84B1DD2F}.Release|Any CPU.ActiveCfg = Release|Any CPU
		{D1F8B376-3264-4A7D-9BCB-6FCF84B1DD2F}.Release|Any CPU.Build.0 = Release|Any CPU
		{AFEC584B-5AEA-4672-9DA6-AD346285E708}.Debug|Any CPU.ActiveCfg = Debug|Any CPU
		{AFEC584B-5AEA-4672-9DA6-AD346285E708}.Debug|Any CPU.Build.0 = Debug|Any CPU
		{AFEC584B-5AEA-4672-9DA6-AD346285E708}.Release|Any CPU.ActiveCfg = Release|Any CPU
		{AFEC584B-5AEA-4672-9DA6-AD346285E708}.Release|Any CPU.Build.0 = Release|Any CPU
		{5D31A7EE-5AC0-4ADB-9F00-EC8663A076EF}.Debug|Any CPU.ActiveCfg = Debug|Any CPU
		{5D31A7EE-5AC0-4ADB-9F00-EC8663A076EF}.Debug|Any CPU.Build.0 = Debug|Any CPU
		{5D31A7EE-5AC0-4ADB-9F00-EC8663A076EF}.Release|Any CPU.ActiveCfg = Release|Any CPU
		{5D31A7EE-5AC0-4ADB-9F00-EC8663A076EF}.Release|Any CPU.Build.0 = Release|Any CPU
		{6338E3C0-082D-48D6-90B4-5F2A5072F9E2}.Debug|Any CPU.ActiveCfg = Debug|Any CPU
		{6338E3C0-082D-48D6-90B4-5F2A5072F9E2}.Debug|Any CPU.Build.0 = Debug|Any CPU
		{6338E3C0-082D-48D6-90B4-5F2A5072F9E2}.Release|Any CPU.ActiveCfg = Release|Any CPU
		{6338E3C0-082D-48D6-90B4-5F2A5072F9E2}.Release|Any CPU.Build.0 = Release|Any CPU
		{625BB9F6-E919-47A2-81B3-558D5509FEBB}.Debug|Any CPU.ActiveCfg = Debug|Any CPU
		{625BB9F6-E919-47A2-81B3-558D5509FEBB}.Debug|Any CPU.Build.0 = Debug|Any CPU
		{625BB9F6-E919-47A2-81B3-558D5509FEBB}.Release|Any CPU.ActiveCfg = Release|Any CPU
		{625BB9F6-E919-47A2-81B3-558D5509FEBB}.Release|Any CPU.Build.0 = Release|Any CPU
		{85E02FE3-605F-4EA7-BE7E-3FAAE1763C6E}.Debug|Any CPU.ActiveCfg = Debug|Any CPU
		{85E02FE3-605F-4EA7-BE7E-3FAAE1763C6E}.Debug|Any CPU.Build.0 = Debug|Any CPU
		{85E02FE3-605F-4EA7-BE7E-3FAAE1763C6E}.Release|Any CPU.ActiveCfg = Release|Any CPU
		{85E02FE3-605F-4EA7-BE7E-3FAAE1763C6E}.Release|Any CPU.Build.0 = Release|Any CPU
		{1638EF5D-0A65-4D34-B667-0A0341978DC6}.Debug|Any CPU.ActiveCfg = Debug|Any CPU
		{1638EF5D-0A65-4D34-B667-0A0341978DC6}.Debug|Any CPU.Build.0 = Debug|Any CPU
		{1638EF5D-0A65-4D34-B667-0A0341978DC6}.Release|Any CPU.ActiveCfg = Release|Any CPU
		{1638EF5D-0A65-4D34-B667-0A0341978DC6}.Release|Any CPU.Build.0 = Release|Any CPU
		{C0CCCCD5-2CA7-4930-8CA7-46AC50F0C042}.Debug|Any CPU.ActiveCfg = Debug|Any CPU
		{C0CCCCD5-2CA7-4930-8CA7-46AC50F0C042}.Debug|Any CPU.Build.0 = Debug|Any CPU
		{C0CCCCD5-2CA7-4930-8CA7-46AC50F0C042}.Release|Any CPU.ActiveCfg = Release|Any CPU
		{C0CCCCD5-2CA7-4930-8CA7-46AC50F0C042}.Release|Any CPU.Build.0 = Release|Any CPU
		{86710467-1296-4493-B8D4-76CDFD562707}.Debug|Any CPU.ActiveCfg = Debug|Any CPU
		{86710467-1296-4493-B8D4-76CDFD562707}.Debug|Any CPU.Build.0 = Debug|Any CPU
		{86710467-1296-4493-B8D4-76CDFD562707}.Release|Any CPU.ActiveCfg = Release|Any CPU
		{86710467-1296-4493-B8D4-76CDFD562707}.Release|Any CPU.Build.0 = Release|Any CPU
		{90BB76AF-F3F8-4985-87F9-E2987B932387}.Debug|Any CPU.ActiveCfg = Debug|Any CPU
		{90BB76AF-F3F8-4985-87F9-E2987B932387}.Debug|Any CPU.Build.0 = Debug|Any CPU
		{90BB76AF-F3F8-4985-87F9-E2987B932387}.Release|Any CPU.ActiveCfg = Release|Any CPU
		{90BB76AF-F3F8-4985-87F9-E2987B932387}.Release|Any CPU.Build.0 = Release|Any CPU
		{34DCB368-C2E1-409F-A8B7-C2C035D4DF86}.Debug|Any CPU.ActiveCfg = Debug|Any CPU
		{34DCB368-C2E1-409F-A8B7-C2C035D4DF86}.Debug|Any CPU.Build.0 = Debug|Any CPU
		{34DCB368-C2E1-409F-A8B7-C2C035D4DF86}.Release|Any CPU.ActiveCfg = Release|Any CPU
		{34DCB368-C2E1-409F-A8B7-C2C035D4DF86}.Release|Any CPU.Build.0 = Release|Any CPU
		{E5C568AE-AF96-4A8C-8FB3-A327B0389E13}.Debug|Any CPU.ActiveCfg = Debug|Any CPU
		{E5C568AE-AF96-4A8C-8FB3-A327B0389E13}.Debug|Any CPU.Build.0 = Debug|Any CPU
		{E5C568AE-AF96-4A8C-8FB3-A327B0389E13}.Release|Any CPU.ActiveCfg = Release|Any CPU
		{E5C568AE-AF96-4A8C-8FB3-A327B0389E13}.Release|Any CPU.Build.0 = Release|Any CPU
		{28016891-B27D-4C82-BE0D-57C871399FF7}.Debug|Any CPU.ActiveCfg = Debug|Any CPU
		{28016891-B27D-4C82-BE0D-57C871399FF7}.Debug|Any CPU.Build.0 = Debug|Any CPU
		{28016891-B27D-4C82-BE0D-57C871399FF7}.Release|Any CPU.ActiveCfg = Release|Any CPU
		{28016891-B27D-4C82-BE0D-57C871399FF7}.Release|Any CPU.Build.0 = Release|Any CPU
	EndGlobalSection
	GlobalSection(SolutionProperties) = preSolution
		HideSolutionNode = FALSE
	EndGlobalSection
	GlobalSection(NestedProjects) = preSolution
		{58016698-19A9-42A7-BD65-9641CF6F7721} = {D1113E79-A124-4036-8AD7-E60EFCE23269}
		{1A1F144D-B9D3-499F-8CBC-AD54A61BBD61} = {D1113E79-A124-4036-8AD7-E60EFCE23269}
		{D1F8B376-3264-4A7D-9BCB-6FCF84B1DD2F} = {D1113E79-A124-4036-8AD7-E60EFCE23269}
		{AFEC584B-5AEA-4672-9DA6-AD346285E708} = {BC16DE27-F1C8-4A4E-B66A-E4A1313FF22B}
		{5D31A7EE-5AC0-4ADB-9F00-EC8663A076EF} = {BC16DE27-F1C8-4A4E-B66A-E4A1313FF22B}
		{6338E3C0-082D-48D6-90B4-5F2A5072F9E2} = {BC16DE27-F1C8-4A4E-B66A-E4A1313FF22B}
		{625BB9F6-E919-47A2-81B3-558D5509FEBB} = {8C0661FB-21D9-47D4-B3A2-0F0E8161AFAF}
		{85E02FE3-605F-4EA7-BE7E-3FAAE1763C6E} = {8C0661FB-21D9-47D4-B3A2-0F0E8161AFAF}
		{1638EF5D-0A65-4D34-B667-0A0341978DC6} = {8C0661FB-21D9-47D4-B3A2-0F0E8161AFAF}
		{C0CCCCD5-2CA7-4930-8CA7-46AC50F0C042} = {40792E03-6FFC-4418-BDDE-0B84A81819C0}
		{86710467-1296-4493-B8D4-76CDFD562707} = {40792E03-6FFC-4418-BDDE-0B84A81819C0}
		{90BB76AF-F3F8-4985-87F9-E2987B932387} = {40792E03-6FFC-4418-BDDE-0B84A81819C0}
		{34DCB368-C2E1-409F-A8B7-C2C035D4DF86} = {D9597502-FBE0-47DC-A1CC-6DA33819E635}
		{E5C568AE-AF96-4A8C-8FB3-A327B0389E13} = {D9597502-FBE0-47DC-A1CC-6DA33819E635}
		{28016891-B27D-4C82-BE0D-57C871399FF7} = {D9597502-FBE0-47DC-A1CC-6DA33819E635}
	EndGlobalSection
	GlobalSection(ExtensibilityGlobals) = postSolution
		SolutionGuid = {B9C95C27-BB64-4592-A57B-768B6B3C9C50}
	EndGlobalSection
EndGlobal
